
Microsoft Visual Studio Solution File, Format Version 12.00
# Visual Studio Version 16
VisualStudioVersion = 16.0.31911.196
MinimumVisualStudioVersion = 10.0.40219.1
Project("{FAE04EC0-301F-11D3-BF4B-00C04F79EFBC}") = "Quadwave", "Quadwave\Quadwave.csproj", "{F9642BE6-AF3B-4BA5-A360-22F495A30D69}"
EndProject
Global
	GlobalSection(SolutionConfigurationPlatforms) = preSolution
		Debug|Any CPU = Debug|Any CPU
		Release|Any CPU = Release|Any CPU
	EndGlobalSection
	GlobalSection(ProjectConfigurationPlatforms) = postSolution
		{F9642BE6-AF3B-4BA5-A360-22F495A30D69}.Debug|Any CPU.ActiveCfg = Debug|Any CPU
		{F9642BE6-AF3B-4BA5-A360-22F495A30D69}.Debug|Any CPU.Build.0 = Debug|Any CPU
		{F9642BE6-AF3B-4BA5-A360-22F495A30D69}.Release|Any CPU.ActiveCfg = Release|Any CPU
		{F9642BE6-AF3B-4BA5-A360-22F495A30D69}.Release|Any CPU.Build.0 = Release|Any CPU
	EndGlobalSection
	GlobalSection(SolutionProperties) = preSolution
		HideSolutionNode = FALSE
	EndGlobalSection
	GlobalSection(ExtensibilityGlobals) = postSolution
		SolutionGuid = {5B081FC1-A361-452B-9010-CD43AE0EFA86}
	EndGlobalSection
EndGlobal
